# @generated by Move, please check-in and do not edit manually.

[move]
version = 3
manifest_digest = "F35A82884A01176A0AECF37B7B7643648C10E3106C3CEA59A358E9460824912D"
deps_digest = "F8BBB0CCB2491CA29A3DF03D6F92277A4F3574266507ACD77214D37ECA3F3082"
dependencies = [
  { id = "Sui", name = "Sui" },
]

[[move.package]]
id = "MoveStdlib"
source = { git = "https://github.com/MystenLabs/sui.git", rev = "framework/mainnet", subdir = "crates/sui-framework/packages/move-stdlib" }

[[move.package]]
id = "Sui"
source = { git = "https://github.com/MystenLabs/sui.git", rev = "framework/mainnet", subdir = "crates/sui-framework/packages/sui-framework" }

dependencies = [
  { id = "MoveStdlib", name = "MoveStdlib" },
]

[move.toolchain-version]
compiler-version = "1.48.1"
edition = "2024.beta"
flavor = "sui"

[env]

[env.devnet]
chain-id = "6ee96fc3"
original-published-id = "0x02fb5b37f3f4be24cd4f0e90c8ee168919ab6f6ccad20a0baa26667e0d74cd5e"
latest-published-id = "0x02fb5b37f3f4be24cd4f0e90c8ee168919ab6f6ccad20a0baa26667e0d74cd5e"
published-version = "1"
