# @generated by Move, please check-in and do not edit manually.

[move]
version = 3
manifest_digest = "67148484F9B82077E62D1132AE3CE7DB2F142EEDF1BFC61F111406511E206242"
deps_digest = "F8BBB0CCB2491CA29A3DF03D6F92277A4F3574266507ACD77214D37ECA3F3082"
dependencies = [
  { id = "Sui", name = "Sui" },
]

[[move.package]]
id = "MoveStdlib"
source = { git = "https://github.com/MystenLabs/sui.git", rev = "framework/mainnet", subdir = "crates/sui-framework/packages/move-stdlib" }

[[move.package]]
id = "Sui"
source = { git = "https://github.com/MystenLabs/sui.git", rev = "framework/mainnet", subdir = "crates/sui-framework/packages/sui-framework" }

dependencies = [
  { id = "MoveStdlib", name = "MoveStdlib" },
]

[move.toolchain-version]
compiler-version = "1.48.1"
edition = "2024.beta"
flavor = "sui"

[env]

[env.local]
chain-id = "38f38fc8"
original-published-id = "0xb25a0834b4f700fc155dfbe318a498792fd738cb446d20d96b8c727d378f6174"
latest-published-id = "0xb25a0834b4f700fc155dfbe318a498792fd738cb446d20d96b8c727d378f6174"
published-version = "1"

[env.devnet]
chain-id = "6ee96fc3"
original-published-id = "0x52b1773c371bf9003e7371426e519b17c9669cc310d138ace649785a977fd17e"
latest-published-id = "0x52b1773c371bf9003e7371426e519b17c9669cc310d138ace649785a977fd17e"
published-version = "1"
